{
  "requires": true,
  "lockfileVersion": 1,
  "dependencies": {
    "binary-pipe": {
      "version": "2.0.1",
      "resolved": "https://registry.npmjs.org/binary-pipe/-/binary-pipe-2.0.1.tgz",
      "integrity": "sha512-ys1GxEeutc/Kz5ogt1ZFiCUKGYLdGnj2qaN0ivx8uiSzIb9fy50xUvUsLkzLFMHZEa9bF1EfhkgUWsV/t+oyrw=="
    }
  }
}
